
Microsoft Visual Studio Solution File, Format Version 12.00
# Visual Studio Version 16
VisualStudioVersion = 16.0.31205.134
MinimumVisualStudioVersion = 10.0.40219.1
Project("{FAE04EC0-301F-11D3-BF4B-00C04F79EFBC}") = "SApp01", "SApp01\SApp01.csproj", "{1B34ADB3-812B-496B-8545-D13953A5BD4F}"
EndProject
Project("{FAE04EC0-301F-11D3-BF4B-00C04F79EFBC}") = "MyLibrary", "MyLibrary\MyLibrary.csproj", "{F32CFE7A-5676-45C7-94A3-AF3451BCA5F8}"
EndProject
Project("{FAE04EC0-301F-11D3-BF4B-00C04F79EFBC}") = "SApp02", "SApp02\SApp02.csproj", "{072A068F-9E28-413A-9FAF-047F5B1A43BE}"
EndProject
Project("{FAE04EC0-301F-11D3-BF4B-00C04F79EFBC}") = "SApp03", "SApp03\SApp03.csproj", "{56EE3547-F637-4613-B5CE-7E3E4857F1D6}"
EndProject
Project("{FAE04EC0-301F-11D3-BF4B-00C04F79EFBC}") = "HomeWork5_Task1", "HomeWork5_Task1\HomeWork5_Task1.csproj", "{36078FDF-1C17-4265-ADAC-B270ED38A743}"
EndProject
Project("{FAE04EC0-301F-11D3-BF4B-00C04F79EFBC}") = "HomeWork5_Task2", "HomeWork5_Task2\HomeWork5_Task2.csproj", "{4822EE6F-F61C-4A86-A09B-9A8372D00160}"
EndProject
Global
	GlobalSection(SolutionConfigurationPlatforms) = preSolution
		Debug|Any CPU = Debug|Any CPU
		Release|Any CPU = Release|Any CPU
	EndGlobalSection
	GlobalSection(ProjectConfigurationPlatforms) = postSolution
		{1B34ADB3-812B-496B-8545-D13953A5BD4F}.Debug|Any CPU.ActiveCfg = Debug|Any CPU
		{1B34ADB3-812B-496B-8545-D13953A5BD4F}.Debug|Any CPU.Build.0 = Debug|Any CPU
		{1B34ADB3-812B-496B-8545-D13953A5BD4F}.Release|Any CPU.ActiveCfg = Release|Any CPU
		{1B34ADB3-812B-496B-8545-D13953A5BD4F}.Release|Any CPU.Build.0 = Release|Any CPU
		{F32CFE7A-5676-45C7-94A3-AF3451BCA5F8}.Debug|Any CPU.ActiveCfg = Debug|Any CPU
		{F32CFE7A-5676-45C7-94A3-AF3451BCA5F8}.Debug|Any CPU.Build.0 = Debug|Any CPU
		{F32CFE7A-5676-45C7-94A3-AF3451BCA5F8}.Release|Any CPU.ActiveCfg = Release|Any CPU
		{F32CFE7A-5676-45C7-94A3-AF3451BCA5F8}.Release|Any CPU.Build.0 = Release|Any CPU
		{072A068F-9E28-413A-9FAF-047F5B1A43BE}.Debug|Any CPU.ActiveCfg = Debug|Any CPU
		{072A068F-9E28-413A-9FAF-047F5B1A43BE}.Debug|Any CPU.Build.0 = Debug|Any CPU
		{072A068F-9E28-413A-9FAF-047F5B1A43BE}.Release|Any CPU.ActiveCfg = Release|Any CPU
		{072A068F-9E28-413A-9FAF-047F5B1A43BE}.Release|Any CPU.Build.0 = Release|Any CPU
		{56EE3547-F637-4613-B5CE-7E3E4857F1D6}.Debug|Any CPU.ActiveCfg = Debug|Any CPU
		{56EE3547-F637-4613-B5CE-7E3E4857F1D6}.Debug|Any CPU.Build.0 = Debug|Any CPU
		{56EE3547-F637-4613-B5CE-7E3E4857F1D6}.Release|Any CPU.ActiveCfg = Release|Any CPU
		{56EE3547-F637-4613-B5CE-7E3E4857F1D6}.Release|Any CPU.Build.0 = Release|Any CPU
		{36078FDF-1C17-4265-ADAC-B270ED38A743}.Debug|Any CPU.ActiveCfg = Debug|Any CPU
		{36078FDF-1C17-4265-ADAC-B270ED38A743}.Debug|Any CPU.Build.0 = Debug|Any CPU
		{36078FDF-1C17-4265-ADAC-B270ED38A743}.Release|Any CPU.ActiveCfg = Release|Any CPU
		{36078FDF-1C17-4265-ADAC-B270ED38A743}.Release|Any CPU.Build.0 = Release|Any CPU
		{4822EE6F-F61C-4A86-A09B-9A8372D00160}.Debug|Any CPU.ActiveCfg = Debug|Any CPU
		{4822EE6F-F61C-4A86-A09B-9A8372D00160}.Debug|Any CPU.Build.0 = Debug|Any CPU
		{4822EE6F-F61C-4A86-A09B-9A8372D00160}.Release|Any CPU.ActiveCfg = Release|Any CPU
		{4822EE6F-F61C-4A86-A09B-9A8372D00160}.Release|Any CPU.Build.0 = Release|Any CPU
	EndGlobalSection
	GlobalSection(SolutionProperties) = preSolution
		HideSolutionNode = FALSE
	EndGlobalSection
	GlobalSection(ExtensibilityGlobals) = postSolution
		SolutionGuid = {74131F11-0CE4-4EFB-A223-7FA2AA11E7E2}
	EndGlobalSection
EndGlobal
